
Microsoft Visual Studio Solution File, Format Version 12.00
# Visual Studio Version 17
VisualStudioVersion = 17.14.36310.24 d17.14
MinimumVisualStudioVersion = 10.0.40219.1
Project("{2150E333-8FDC-42A3-9474-1A3956D46DE8}") = "src", "src", "{02EA681E-C7D8-13C7-8484-4AC65E1B71E8}"
EndProject
Project("{FAE04EC0-301F-11D3-BF4B-00C04F79EFBC}") = "Library.API", "Library.API\Library.API.csproj", "{98B63342-4DD5-4E07-B619-CE3EE833F6BC}"
EndProject
Project("{FAE04EC0-301F-11D3-BF4B-00C04F79EFBC}") = "Library.UI", "Library.UI\Library.UI.csproj", "{9C8431F4-ACC7-4201-8492-CAC56BC519EB}"
EndProject
Global
	GlobalSection(SolutionConfigurationPlatforms) = preSolution
		Debug|Any CPU = Debug|Any CPU
		Release|Any CPU = Release|Any CPU
	EndGlobalSection
	GlobalSection(ProjectConfigurationPlatforms) = postSolution
		{98B63342-4DD5-4E07-B619-CE3EE833F6BC}.Debug|Any CPU.ActiveCfg = Debug|Any CPU
		{98B63342-4DD5-4E07-B619-CE3EE833F6BC}.Debug|Any CPU.Build.0 = Debug|Any CPU
		{98B63342-4DD5-4E07-B619-CE3EE833F6BC}.Release|Any CPU.ActiveCfg = Release|Any CPU
		{98B63342-4DD5-4E07-B619-CE3EE833F6BC}.Release|Any CPU.Build.0 = Release|Any CPU
		{9C8431F4-ACC7-4201-8492-CAC56BC519EB}.Debug|Any CPU.ActiveCfg = Debug|Any CPU
		{9C8431F4-ACC7-4201-8492-CAC56BC519EB}.Debug|Any CPU.Build.0 = Debug|Any CPU
		{9C8431F4-ACC7-4201-8492-CAC56BC519EB}.Release|Any CPU.ActiveCfg = Release|Any CPU
		{9C8431F4-ACC7-4201-8492-CAC56BC519EB}.Release|Any CPU.Build.0 = Release|Any CPU
	EndGlobalSection
	GlobalSection(SolutionProperties) = preSolution
		HideSolutionNode = FALSE
	EndGlobalSection
	GlobalSection(NestedProjects) = preSolution
		{98B63342-4DD5-4E07-B619-CE3EE833F6BC} = {02EA681E-C7D8-13C7-8484-4AC65E1B71E8}
		{9C8431F4-ACC7-4201-8492-CAC56BC519EB} = {02EA681E-C7D8-13C7-8484-4AC65E1B71E8}
	EndGlobalSection
	GlobalSection(ExtensibilityGlobals) = postSolution
		SolutionGuid = {F8AA740A-59E4-4EF6-9C68-34DA9786C4BF}
	EndGlobalSection
EndGlobal
